
Microsoft Visual Studio Solution File, Format Version 12.00
# Visual Studio Version 16
VisualStudioVersion = 16.0.29806.167
MinimumVisualStudioVersion = 10.0.40219.1
Project("{FAE04EC0-301F-11D3-BF4B-00C04F79EFBC}") = "CinemaApp", "CinemaApp\CinemaApp.csproj", "{470A1D0C-ACC8-45AC-AB71-0F79DBE27E9B}"
EndProject
Global
	GlobalSection(SolutionConfigurationPlatforms) = preSolution
		Debug|Any CPU = Debug|Any CPU
		Release|Any CPU = Release|Any CPU
	EndGlobalSection
	GlobalSection(ProjectConfigurationPlatforms) = postSolution
		{470A1D0C-ACC8-45AC-AB71-0F79DBE27E9B}.Debug|Any CPU.ActiveCfg = Debug|Any CPU
		{470A1D0C-ACC8-45AC-AB71-0F79DBE27E9B}.Debug|Any CPU.Build.0 = Debug|Any CPU
		{470A1D0C-ACC8-45AC-AB71-0F79DBE27E9B}.Release|Any CPU.ActiveCfg = Release|Any CPU
		{470A1D0C-ACC8-45AC-AB71-0F79DBE27E9B}.Release|Any CPU.Build.0 = Release|Any CPU
	EndGlobalSection
	GlobalSection(SolutionProperties) = preSolution
		HideSolutionNode = FALSE
	EndGlobalSection
	GlobalSection(ExtensibilityGlobals) = postSolution
		SolutionGuid = {7A8E8AE2-AB26-475C-A2AF-00E9A8D911C0}
	EndGlobalSection
EndGlobal
